
Microsoft Visual Studio Solution File, Format Version 12.00
# Visual Studio Version 17
VisualStudioVersion = 17.5.33414.496
MinimumVisualStudioVersion = 10.0.40219.1
Project("{FAE04EC0-301F-11D3-BF4B-00C04F79EFBC}") = "dekstra", "dekstra\dekstra.csproj", "{5955B2FD-2E1B-4EF2-A956-709E7862887C}"
EndProject
Global
	GlobalSection(SolutionConfigurationPlatforms) = preSolution
		Debug|Any CPU = Debug|Any CPU
		Release|Any CPU = Release|Any CPU
	EndGlobalSection
	GlobalSection(ProjectConfigurationPlatforms) = postSolution
		{5955B2FD-2E1B-4EF2-A956-709E7862887C}.Debug|Any CPU.ActiveCfg = Debug|Any CPU
		{5955B2FD-2E1B-4EF2-A956-709E7862887C}.Debug|Any CPU.Build.0 = Debug|Any CPU
		{5955B2FD-2E1B-4EF2-A956-709E7862887C}.Release|Any CPU.ActiveCfg = Release|Any CPU
		{5955B2FD-2E1B-4EF2-A956-709E7862887C}.Release|Any CPU.Build.0 = Release|Any CPU
	EndGlobalSection
	GlobalSection(SolutionProperties) = preSolution
		HideSolutionNode = FALSE
	EndGlobalSection
	GlobalSection(ExtensibilityGlobals) = postSolution
		SolutionGuid = {E45A95D7-F151-4441-ABD9-B6B2B3B062ED}
	EndGlobalSection
EndGlobal
